// !$*UTF8*$!
{
	archiveVersion = 1;
	classes = {
	};
	objectVersion = 46;
	objects = {

/* Begin PBXBuildFile section */
		1B952E9082A523997CB25E7F /* libPods-Flo.a in Frameworks */ = {isa = PBXBuildFile; fileRef = 0C17A9D06A06B949869FF571 /* libPods-Flo.a */; };
		21237E9E1F3C5937005C8C38 /* AppDelegate.swift in Sources */ = {isa = PBXBuildFile; fileRef = 21237E9D1F3C5937005C8C38 /* AppDelegate.swift */; };
		21237EA01F3C5937005C8C38 /* ViewController.swift in Sources */ = {isa = PBXBuildFile; fileRef = 21237E9F1F3C5937005C8C38 /* ViewController.swift */; };
		21237EA31F3C5937005C8C38 /* Main.storyboard in Resources */ = {isa = PBXBuildFile; fileRef = 21237EA11F3C5937005C8C38 /* Main.storyboard */; };
		21237EA51F3C5937005C8C38 /* Assets.xcassets in Resources */ = {isa = PBXBuildFile; fileRef = 21237EA41F3C5937005C8C38 /* Assets.xcassets */; };
		21237EA81F3C5937005C8C38 /* LaunchScreen.storyboard in Resources */ = {isa = PBXBuildFile; fileRef = 21237EA61F3C5937005C8C38 /* LaunchScreen.storyboard */; };
		21237EB31F3C59E8005C8C38 /* PushButtonView.swift in Sources */ = {isa = PBXBuildFile; fileRef = 21237EB21F3C59E8005C8C38 /* PushButtonView.swift */; };
		21237EB51F3C6461005C8C38 /* CounterView.swift in Sources */ = {isa = PBXBuildFile; fileRef = 21237EB41F3C6461005C8C38 /* CounterView.swift */; };
		21237EB81F3C6DAD005C8C38 /* AnimatedViewController.swift in Sources */ = {isa = PBXBuildFile; fileRef = 21237EB71F3C6DAD005C8C38 /* AnimatedViewController.swift */; };
		21237EBA1F3C6EBA005C8C38 /* AnimatedCircleView.swift in Sources */ = {isa = PBXBuildFile; fileRef = 21237EB91F3C6EBA005C8C38 /* AnimatedCircleView.swift */; };
		21237EBC1F3C76DF005C8C38 /* NestedCirclesViewController.swift in Sources */ = {isa = PBXBuildFile; fileRef = 21237EBB1F3C76DF005C8C38 /* NestedCirclesViewController.swift */; };
		21237EBE1F3C7788005C8C38 /* NestedCirclesView.swift in Sources */ = {isa = PBXBuildFile; fileRef = 21237EBD1F3C7788005C8C38 /* NestedCirclesView.swift */; };
		21237EC01F3C89D9005C8C38 /* Podfile in Resources */ = {isa = PBXBuildFile; fileRef = 21237EBF1F3C89D9005C8C38 /* Podfile */; };
		21237EC21F3CD448005C8C38 /* ColorWheel.swift in Sources */ = {isa = PBXBuildFile; fileRef = 21237EC11F3CD448005C8C38 /* ColorWheel.swift */; };
/* End PBXBuildFile section */

/* Begin PBXFileReference section */
		0C17A9D06A06B949869FF571 /* libPods-Flo.a */ = {isa = PBXFileReference; explicitFileType = archive.ar; includeInIndex = 0; path = "libPods-Flo.a"; sourceTree = BUILT_PRODUCTS_DIR; };
		21237E9A1F3C5937005C8C38 /* Flo.app */ = {isa = PBXFileReference; explicitFileType = wrapper.application; includeInIndex = 0; path = Flo.app; sourceTree = BUILT_PRODUCTS_DIR; };
		21237E9D1F3C5937005C8C38 /* AppDelegate.swift */ = {isa = PBXFileReference; lastKnownFileType = sourcecode.swift; path = AppDelegate.swift; sourceTree = "<group>"; };
		21237E9F1F3C5937005C8C38 /* ViewController.swift */ = {isa = PBXFileReference; lastKnownFileType = sourcecode.swift; path = ViewController.swift; sourceTree = "<group>"; };
		21237EA21F3C5937005C8C38 /* Base */ = {isa = PBXFileReference; lastKnownFileType = file.storyboard; name = Base; path = Base.lproj/Main.storyboard; sourceTree = "<group>"; };
		21237EA41F3C5937005C8C38 /* Assets.xcassets */ = {isa = PBXFileReference; lastKnownFileType = folder.assetcatalog; path = Assets.xcassets; sourceTree = "<group>"; };
		21237EA71F3C5937005C8C38 /* Base */ = {isa = PBXFileReference; lastKnownFileType = file.storyboard; name = Base; path = Base.lproj/LaunchScreen.storyboard; sourceTree = "<group>"; };
		21237EA91F3C5937005C8C38 /* Info.plist */ = {isa = PBXFileReference; lastKnownFileType = text.plist.xml; path = Info.plist; sourceTree = "<group>"; };
		21237EB21F3C59E8005C8C38 /* PushButtonView.swift */ = {isa = PBXFileReference; fileEncoding = 4; lastKnownFileType = sourcecode.swift; path = PushButtonView.swift; sourceTree = "<group>"; };
		21237EB41F3C6461005C8C38 /* CounterView.swift */ = {isa = PBXFileReference; fileEncoding = 4; lastKnownFileType = sourcecode.swift; path = CounterView.swift; sourceTree = "<group>"; };
		21237EB71F3C6DAD005C8C38 /* AnimatedViewController.swift */ = {isa = PBXFileReference; fileEncoding = 4; lastKnownFileType = sourcecode.swift; path = AnimatedViewController.swift; sourceTree = "<group>"; };
		21237EB91F3C6EBA005C8C38 /* AnimatedCircleView.swift */ = {isa = PBXFileReference; fileEncoding = 4; lastKnownFileType = sourcecode.swift; path = AnimatedCircleView.swift; sourceTree = "<group>"; };
		21237EBB1F3C76DF005C8C38 /* NestedCirclesViewController.swift */ = {isa = PBXFileReference; fileEncoding = 4; lastKnownFileType = sourcecode.swift; path = NestedCirclesViewController.swift; sourceTree = "<group>"; };
		21237EBD1F3C7788005C8C38 /* NestedCirclesView.swift */ = {isa = PBXFileReference; fileEncoding = 4; lastKnownFileType = sourcecode.swift; path = NestedCirclesView.swift; sourceTree = "<group>"; };
		21237EBF1F3C89D9005C8C38 /* Podfile */ = {isa = PBXFileReference; fileEncoding = 4; lastKnownFileType = text; path = Podfile; sourceTree = "<group>"; xcLanguageSpecificationIdentifier = xcode.lang.ruby; };
		21237EC11F3CD448005C8C38 /* ColorWheel.swift */ = {isa = PBXFileReference; fileEncoding = 4; lastKnownFileType = sourcecode.swift; path = ColorWheel.swift; sourceTree = "<group>"; };
		A6FDB371879AC840C6EDCCA7 /* Pods-Flo.debug.xcconfig */ = {isa = PBXFileReference; includeInIndex = 1; lastKnownFileType = text.xcconfig; name = "Pods-Flo.debug.xcconfig"; path = "Pods/Target Support Files/Pods-Flo/Pods-Flo.debug.xcconfig"; sourceTree = "<group>"; };
		C92389401B41BCEBCE603319 /* Pods-Flo.release.xcconfig */ = {isa = PBXFileReference; includeInIndex = 1; lastKnownFileType = text.xcconfig; name = "Pods-Flo.release.xcconfig"; path = "Pods/Target Support Files/Pods-Flo/Pods-Flo.release.xcconfig"; sourceTree = "<group>"; };
/* End PBXFileReference section */

/* Begin PBXFrameworksBuildPhase section */
		21237E971F3C5937005C8C38 /* Frameworks */ = {
			isa = PBXFrameworksBuildPhase;
			buildActionMask = 2147483647;
			files = (
				1B952E9082A523997CB25E7F /* libPods-Flo.a in Frameworks */,
			);
			runOnlyForDeploymentPostprocessing = 0;
		};
/* End PBXFrameworksBuildPhase section */

/* Begin PBXGroup section */
		21237E911F3C5937005C8C38 = {
			isa = PBXGroup;
			children = (
				21237EBF1F3C89D9005C8C38 /* Podfile */,
				21237E9C1F3C5937005C8C38 /* Flo */,
				21237E9B1F3C5937005C8C38 /* Products */,
				86FBF7FCFFF2D2AD46F9DC34 /* Pods */,
				4F80581FBA0DCC08B14985B9 /* Frameworks */,
			);
			sourceTree = "<group>";
		};
		21237E9B1F3C5937005C8C38 /* Products */ = {
			isa = PBXGroup;
			children = (
				21237E9A1F3C5937005C8C38 /* Flo.app */,
			);
			name = Products;
			sourceTree = "<group>";
		};
		21237E9C1F3C5937005C8C38 /* Flo */ = {
			isa = PBXGroup;
			children = (
				21237EB61F3C6D99005C8C38 /* Controllers */,
				21237EAF1F3C59A9005C8C38 /* Views */,
				21237E9D1F3C5937005C8C38 /* AppDelegate.swift */,
				21237EA11F3C5937005C8C38 /* Main.storyboard */,
				21237EA41F3C5937005C8C38 /* Assets.xcassets */,
				21237EA61F3C5937005C8C38 /* LaunchScreen.storyboard */,
				21237EA91F3C5937005C8C38 /* Info.plist */,
			);
			path = Flo;
			sourceTree = "<group>";
		};
		21237EAF1F3C59A9005C8C38 /* Views */ = {
			isa = PBXGroup;
			children = (
				21237EB21F3C59E8005C8C38 /* PushButtonView.swift */,
				21237EB41F3C6461005C8C38 /* CounterView.swift */,
				21237EB91F3C6EBA005C8C38 /* AnimatedCircleView.swift */,
				21237EBD1F3C7788005C8C38 /* NestedCirclesView.swift */,
				21237EC11F3CD448005C8C38 /* ColorWheel.swift */,
			);
			name = Views;
			sourceTree = "<group>";
		};
		21237EB61F3C6D99005C8C38 /* Controllers */ = {
			isa = PBXGroup;
			children = (
				21237E9F1F3C5937005C8C38 /* ViewController.swift */,
				21237EB71F3C6DAD005C8C38 /* AnimatedViewController.swift */,
				21237EBB1F3C76DF005C8C38 /* NestedCirclesViewController.swift */,
			);
			name = Controllers;
			sourceTree = "<group>";
		};
		4F80581FBA0DCC08B14985B9 /* Frameworks */ = {
			isa = PBXGroup;
			children = (
				0C17A9D06A06B949869FF571 /* libPods-Flo.a */,
			);
			name = Frameworks;
			sourceTree = "<group>";
		};
		86FBF7FCFFF2D2AD46F9DC34 /* Pods */ = {
			isa = PBXGroup;
			children = (
				A6FDB371879AC840C6EDCCA7 /* Pods-Flo.debug.xcconfig */,
				C92389401B41BCEBCE603319 /* Pods-Flo.release.xcconfig */,
			);
			name = Pods;
			sourceTree = "<group>";
		};
/* End PBXGroup section */

/* Begin PBXNativeTarget section */
		21237E991F3C5937005C8C38 /* Flo */ = {
			isa = PBXNativeTarget;
			buildConfigurationList = 21237EAC1F3C5937005C8C38 /* Build configuration list for PBXNativeTarget "Flo" */;
			buildPhases = (
				BB61FC259175717A41660A7F /* [CP] Check Pods Manifest.lock */,
				21237E961F3C5937005C8C38 /* Sources */,
				21237E971F3C5937005C8C38 /* Frameworks */,
				21237E981F3C5937005C8C38 /* Resources */,
				384430E5822F7E9348F5C420 /* [CP] Embed Pods Frameworks */,
				7DCA2F58789A24063A3B4A32 /* [CP] Copy Pods Resources */,
			);
			buildRules = (
			);
			dependencies = (
			);
			name = Flo;
			productName = Flo;
			productReference = 21237E9A1F3C5937005C8C38 /* Flo.app */;
			productType = "com.apple.product-type.application";
		};
/* End PBXNativeTarget section */

/* Begin PBXProject section */
		21237E921F3C5937005C8C38 /* Project object */ = {
			isa = PBXProject;
			attributes = {
				LastSwiftUpdateCheck = 0830;
				LastUpgradeCheck = 0830;
				ORGANIZATIONNAME = Carla;
				TargetAttributes = {
					21237E991F3C5937005C8C38 = {
						CreatedOnToolsVersion = 8.3.3;
						ProvisioningStyle = Automatic;
					};
				};
			};
			buildConfigurationList = 21237E951F3C5937005C8C38 /* Build configuration list for PBXProject "Flo" */;
			compatibilityVersion = "Xcode 3.2";
			developmentRegion = English;
			hasScannedForEncodings = 0;
			knownRegions = (
				en,
				Base,
			);
			mainGroup = 21237E911F3C5937005C8C38;
			productRefGroup = 21237E9B1F3C5937005C8C38 /* Products */;
			projectDirPath = "";
			projectRoot = "";
			targets = (
				21237E991F3C5937005C8C38 /* Flo */,
			);
		};
/* End PBXProject section */

/* Begin PBXResourcesBuildPhase section */
		21237E981F3C5937005C8C38 /* Resources */ = {
			isa = PBXResourcesBuildPhase;
			buildActionMask = 2147483647;
			files = (
				21237EA81F3C5937005C8C38 /* LaunchScreen.storyboard in Resources */,
				21237EA51F3C5937005C8C38 /* Assets.xcassets in Resources */,
				21237EC01F3C89D9005C8C38 /* Podfile in Resources */,
				21237EA31F3C5937005C8C38 /* Main.storyboard in Resources */,
			);
			runOnlyForDeploymentPostprocessing = 0;
		};
/* End PBXResourcesBuildPhase section */

/* Begin PBXShellScriptBuildPhase section */
		384430E5822F7E9348F5C420 /* [CP] Embed Pods Frameworks */ = {
			isa = PBXShellScriptBuildPhase;
			buildActionMask = 2147483647;
			files = (
			);
			inputPaths = (
			);
			name = "[CP] Embed Pods Frameworks";
			outputPaths = (
			);
			runOnlyForDeploymentPostprocessing = 0;
			shellPath = /bin/sh;
			shellScript = "\"${SRCROOT}/Pods/Target Support Files/Pods-Flo/Pods-Flo-frameworks.sh\"\n";
			showEnvVarsInLog = 0;
		};
		7DCA2F58789A24063A3B4A32 /* [CP] Copy Pods Resources */ = {
			isa = PBXShellScriptBuildPhase;
			buildActionMask = 2147483647;
			files = (
			);
			inputPaths = (
			);
			name = "[CP] Copy Pods Resources";
			outputPaths = (
			);
			runOnlyForDeploymentPostprocessing = 0;
			shellPath = /bin/sh;
			shellScript = "\"${SRCROOT}/Pods/Target Support Files/Pods-Flo/Pods-Flo-resources.sh\"\n";
			showEnvVarsInLog = 0;
		};
		BB61FC259175717A41660A7F /* [CP] Check Pods Manifest.lock */ = {
			isa = PBXShellScriptBuildPhase;
			buildActionMask = 2147483647;
			files = (
			);
			inputPaths = (
			);
			name = "[CP] Check Pods Manifest.lock";
			outputPaths = (
			);
			runOnlyForDeploymentPostprocessing = 0;
			shellPath = /bin/sh;
			shellScript = "diff \"${PODS_PODFILE_DIR_PATH}/Podfile.lock\" \"${PODS_ROOT}/Manifest.lock\" > /dev/null\nif [ $? != 0 ] ; then\n    # print error to STDERR\n    echo \"error: The sandbox is not in sync with the Podfile.lock. Run 'pod install' or update your CocoaPods installation.\" >&2\n    exit 1\nfi\n";
			showEnvVarsInLog = 0;
		};
/* End PBXShellScriptBuildPhase section */

/* Begin PBXSourcesBuildPhase section */
		21237E961F3C5937005C8C38 /* Sources */ = {
			isa = PBXSourcesBuildPhase;
			buildActionMask = 2147483647;
			files = (
				21237EC21F3CD448005C8C38 /* ColorWheel.swift in Sources */,
				21237EBA1F3C6EBA005C8C38 /* AnimatedCircleView.swift in Sources */,
				21237EBC1F3C76DF005C8C38 /* NestedCirclesViewController.swift in Sources */,
				21237EA01F3C5937005C8C38 /* ViewController.swift in Sources */,
				21237EB31F3C59E8005C8C38 /* PushButtonView.swift in Sources */,
				21237EB81F3C6DAD005C8C38 /* AnimatedViewController.swift in Sources */,
				21237EBE1F3C7788005C8C38 /* NestedCirclesView.swift in Sources */,
				21237E9E1F3C5937005C8C38 /* AppDelegate.swift in Sources */,
				21237EB51F3C6461005C8C38 /* CounterView.swift in Sources */,
			);
			runOnlyForDeploymentPostprocessing = 0;
		};
/* End PBXSourcesBuildPhase section */

/* Begin PBXVariantGroup section */
		21237EA11F3C5937005C8C38 /* Main.storyboard */ = {
			isa = PBXVariantGroup;
			children = (
				21237EA21F3C5937005C8C38 /* Base */,
			);
			name = Main.storyboard;
			sourceTree = "<group>";
		};
		21237EA61F3C5937005C8C38 /* LaunchScreen.storyboard */ = {
			isa = PBXVariantGroup;
			children = (
				21237EA71F3C5937005C8C38 /* Base */,
			);
			name = LaunchScreen.storyboard;
			sourceTree = "<group>";
		};
/* End PBXVariantGroup section */

/* Begin XCBuildConfiguration section */
		21237EAA1F3C5937005C8C38 /* Debug */ = {
			isa = XCBuildConfiguration;
			buildSettings = {
				ALWAYS_SEARCH_USER_PATHS = NO;
				CLANG_ANALYZER_NONNULL = YES;
				CLANG_ANALYZER_NUMBER_OBJECT_CONVERSION = YES_AGGRESSIVE;
				CLANG_CXX_LANGUAGE_STANDARD = "gnu++0x";
				CLANG_CXX_LIBRARY = "libc++";
				CLANG_ENABLE_MODULES = YES;
				CLANG_ENABLE_OBJC_ARC = YES;
				CLANG_WARN_BOOL_CONVERSION = YES;
				CLANG_WARN_CONSTANT_CONVERSION = YES;
				CLANG_WARN_DIRECT_OBJC_ISA_USAGE = YES_ERROR;
				CLANG_WARN_DOCUMENTATION_COMMENTS = YES;
				CLANG_WARN_EMPTY_BODY = YES;
				CLANG_WARN_ENUM_CONVERSION = YES;
				CLANG_WARN_INFINITE_RECURSION = YES;
				CLANG_WARN_INT_CONVERSION = YES;
				CLANG_WARN_OBJC_ROOT_CLASS = YES_ERROR;
				CLANG_WARN_SUSPICIOUS_MOVE = YES;
				CLANG_WARN_UNREACHABLE_CODE = YES;
				CLANG_WARN__DUPLICATE_METHOD_MATCH = YES;
				"CODE_SIGN_IDENTITY[sdk=iphoneos*]" = "iPhone Developer";
				COPY_PHASE_STRIP = NO;
				DEBUG_INFORMATION_FORMAT = dwarf;
				ENABLE_STRICT_OBJC_MSGSEND = YES;
				ENABLE_TESTABILITY = YES;
				GCC_C_LANGUAGE_STANDARD = gnu99;
				GCC_DYNAMIC_NO_PIC = NO;
				GCC_NO_COMMON_BLOCKS = YES;
				GCC_OPTIMIZATION_LEVEL = 0;
				GCC_PREPROCESSOR_DEFINITIONS = (
					"DEBUG=1",
					"$(inherited)",
				);
				GCC_WARN_64_TO_32_BIT_CONVERSION = YES;
				GCC_WARN_ABOUT_RETURN_TYPE = YES_ERROR;
				GCC_WARN_UNDECLARED_SELECTOR = YES;
				GCC_WARN_UNINITIALIZED_AUTOS = YES_AGGRESSIVE;
				GCC_WARN_UNUSED_FUNCTION = YES;
				GCC_WARN_UNUSED_VARIABLE = YES;
				IPHONEOS_DEPLOYMENT_TARGET = 10.3;
				MTL_ENABLE_DEBUG_INFO = YES;
				ONLY_ACTIVE_ARCH = YES;
				SDKROOT = iphoneos;
				SWIFT_ACTIVE_COMPILATION_CONDITIONS = DEBUG;
				SWIFT_OPTIMIZATION_LEVEL = "-Onone";
				TARGETED_DEVICE_FAMILY = "1,2";
			};
			name = Debug;
		};
		21237EAB1F3C5937005C8C38 /* Release */ = {
			isa = XCBuildConfiguration;
			buildSettings = {
				ALWAYS_SEARCH_USER_PATHS = NO;
				CLANG_ANALYZER_NONNULL = YES;
				CLANG_ANALYZER_NUMBER_OBJECT_CONVERSION = YES_AGGRESSIVE;
				CLANG_CXX_LANGUAGE_STANDARD = "gnu++0x";
				CLANG_CXX_LIBRARY = "libc++";
				CLANG_ENABLE_MODULES = YES;
				CLANG_ENABLE_OBJC_ARC = YES;
				CLANG_WARN_BOOL_CONVERSION = YES;
				CLANG_WARN_CONSTANT_CONVERSION = YES;
				CLANG_WARN_DIRECT_OBJC_ISA_USAGE = YES_ERROR;
				CLANG_WARN_DOCUMENTATION_COMMENTS = YES;
				CLANG_WARN_EMPTY_BODY = YES;
				CLANG_WARN_ENUM_CONVERSION = YES;
				CLANG_WARN_INFINITE_RECURSION = YES;
				CLANG_WARN_INT_CONVERSION = YES;
				CLANG_WARN_OBJC_ROOT_CLASS = YES_ERROR;
				CLANG_WARN_SUSPICIOUS_MOVE = YES;
				CLANG_WARN_UNREACHABLE_CODE = YES;
				CLANG_WARN__DUPLICATE_METHOD_MATCH = YES;
				"CODE_SIGN_IDENTITY[sdk=iphoneos*]" = "iPhone Developer";
				COPY_PHASE_STRIP = NO;
				DEBUG_INFORMATION_FORMAT = "dwarf-with-dsym";
				ENABLE_NS_ASSERTIONS = NO;
				ENABLE_STRICT_OBJC_MSGSEND = YES;
				GCC_C_LANGUAGE_STANDARD = gnu99;
				GCC_NO_COMMON_BLOCKS = YES;
				GCC_WARN_64_TO_32_BIT_CONVERSION = YES;
				GCC_WARN_ABOUT_RETURN_TYPE = YES_ERROR;
				GCC_WARN_UNDECLARED_SELECTOR = YES;
				GCC_WARN_UNINITIALIZED_AUTOS = YES_AGGRESSIVE;
				GCC_WARN_UNUSED_FUNCTION = YES;
				GCC_WARN_UNUSED_VARIABLE = YES;
				IPHONEOS_DEPLOYMENT_TARGET = 10.3;
				MTL_ENABLE_DEBUG_INFO = NO;
				SDKROOT = iphoneos;
				SWIFT_OPTIMIZATION_LEVEL = "-Owholemodule";
				TARGETED_DEVICE_FAMILY = "1,2";
				VALIDATE_PRODUCT = YES;
			};
			name = Release;
		};
		21237EAD1F3C5937005C8C38 /* Debug */ = {
			isa = XCBuildConfiguration;
			baseConfigurationReference = A6FDB371879AC840C6EDCCA7 /* Pods-Flo.debug.xcconfig */;
			buildSettings = {
				ASSETCATALOG_COMPILER_APPICON_NAME = AppIcon;
				INFOPLIST_FILE = Flo/Info.plist;
				LD_RUNPATH_SEARCH_PATHS = "$(inherited) @executable_path/Frameworks";
				PRODUCT_BUNDLE_IDENTIFIER = org.Flo;
				PRODUCT_NAME = "$(TARGET_NAME)";
				SWIFT_VERSION = 3.0;
			};
			name = Debug;
		};
		21237EAE1F3C5937005C8C38 /* Release */ = {
			isa = XCBuildConfiguration;
			baseConfigurationReference = C92389401B41BCEBCE603319 /* Pods-Flo.release.xcconfig */;
			buildSettings = {
				ASSETCATALOG_COMPILER_APPICON_NAME = AppIcon;
				INFOPLIST_FILE = Flo/Info.plist;
				LD_RUNPATH_SEARCH_PATHS = "$(inherited) @executable_path/Frameworks";
				PRODUCT_BUNDLE_IDENTIFIER = org.Flo;
				PRODUCT_NAME = "$(TARGET_NAME)";
				SWIFT_VERSION = 3.0;
			};
			name = Release;
		};
/* End XCBuildConfiguration section */

/* Begin XCConfigurationList section */
		21237E951F3C5937005C8C38 /* Build configuration list for PBXProject "Flo" */ = {
			isa = XCConfigurationList;
			buildConfigurations = (
				21237EAA1F3C5937005C8C38 /* Debug */,
				21237EAB1F3C5937005C8C38 /* Release */,
			);
			defaultConfigurationIsVisible = 0;
			defaultConfigurationName = Release;
		};
		21237EAC1F3C5937005C8C38 /* Build configuration list for PBXNativeTarget "Flo" */ = {
			isa = XCConfigurationList;
			buildConfigurations = (
				21237EAD1F3C5937005C8C38 /* Debug */,
				21237EAE1F3C5937005C8C38 /* Release */,
			);
			defaultConfigurationIsVisible = 0;
			defaultConfigurationName = Release;
		};
/* End XCConfigurationList section */
	};
	rootObject = 21237E921F3C5937005C8C38 /* Project object */;
}
